// !$*UTF8*$!
{
	archiveVersion = 1;
	classes = {
	};
	objectVersion = 50;
	objects = {

/* Begin PBXBuildFile section */
		AB8F202B2680FEE50083E999 /* AppDelegate.swift in Sources */ = {isa = PBXBuildFile; fileRef = AB8F202A2680FEE50083E999 /* AppDelegate.swift */; };
		AB8F202D2680FEE60083E999 /* SceneDelegate.swift in Sources */ = {isa = PBXBuildFile; fileRef = AB8F202C2680FEE60083E999 /* SceneDelegate.swift */; };
		AB8F202F2680FEE60083E999 /* ViewController.swift in Sources */ = {isa = PBXBuildFile; fileRef = AB8F202E2680FEE60083E999 /* ViewController.swift */; };
		AB8F20322680FEE60083E999 /* Main.storyboard in Resources */ = {isa = PBXBuildFile; fileRef = AB8F20302680FEE60083E999 /* Main.storyboard */; };
		AB8F20352680FEE60083E999 /* EcommerceGapsi.xcdatamodeld in Sources */ = {isa = PBXBuildFile; fileRef = AB8F20332680FEE60083E999 /* EcommerceGapsi.xcdatamodeld */; };
		AB8F20372680FEEB0083E999 /* Assets.xcassets in Resources */ = {isa = PBXBuildFile; fileRef = AB8F20362680FEEB0083E999 /* Assets.xcassets */; };
		AB8F203A2680FEEB0083E999 /* LaunchScreen.storyboard in Resources */ = {isa = PBXBuildFile; fileRef = AB8F20382680FEEB0083E999 /* LaunchScreen.storyboard */; };
		AB8F204326810E070083E999 /* TableViewCellProducts.swift in Sources */ = {isa = PBXBuildFile; fileRef = AB8F204226810E070083E999 /* TableViewCellProducts.swift */; };
		AB8F2046268110EA0083E999 /* BaseViewController.swift in Sources */ = {isa = PBXBuildFile; fileRef = AB8F2045268110EA0083E999 /* BaseViewController.swift */; };
		AB8F2049268115EC0083E999 /* Product.swift in Sources */ = {isa = PBXBuildFile; fileRef = AB8F2048268115EC0083E999 /* Product.swift */; };
		AB8F204C2681196C0083E999 /* Constants.swift in Sources */ = {isa = PBXBuildFile; fileRef = AB8F204B2681196C0083E999 /* Constants.swift */; };
/* End PBXBuildFile section */

/* Begin PBXFileReference section */
		AB8F20272680FEE50083E999 /* EcommerceGapsi.app */ = {isa = PBXFileReference; explicitFileType = wrapper.application; includeInIndex = 0; path = EcommerceGapsi.app; sourceTree = BUILT_PRODUCTS_DIR; };
		AB8F202A2680FEE50083E999 /* AppDelegate.swift */ = {isa = PBXFileReference; lastKnownFileType = sourcecode.swift; path = AppDelegate.swift; sourceTree = "<group>"; };
		AB8F202C2680FEE60083E999 /* SceneDelegate.swift */ = {isa = PBXFileReference; lastKnownFileType = sourcecode.swift; path = SceneDelegate.swift; sourceTree = "<group>"; };
		AB8F202E2680FEE60083E999 /* ViewController.swift */ = {isa = PBXFileReference; lastKnownFileType = sourcecode.swift; path = ViewController.swift; sourceTree = "<group>"; };
		AB8F20312680FEE60083E999 /* Base */ = {isa = PBXFileReference; lastKnownFileType = file.storyboard; name = Base; path = Base.lproj/Main.storyboard; sourceTree = "<group>"; };
		AB8F20342680FEE60083E999 /* EcommerceGapsi.xcdatamodel */ = {isa = PBXFileReference; lastKnownFileType = wrapper.xcdatamodel; path = EcommerceGapsi.xcdatamodel; sourceTree = "<group>"; };
		AB8F20362680FEEB0083E999 /* Assets.xcassets */ = {isa = PBXFileReference; lastKnownFileType = folder.assetcatalog; path = Assets.xcassets; sourceTree = "<group>"; };
		AB8F20392680FEEB0083E999 /* Base */ = {isa = PBXFileReference; lastKnownFileType = file.storyboard; name = Base; path = Base.lproj/LaunchScreen.storyboard; sourceTree = "<group>"; };
		AB8F203B2680FEEB0083E999 /* Info.plist */ = {isa = PBXFileReference; lastKnownFileType = text.plist.xml; path = Info.plist; sourceTree = "<group>"; };
		AB8F204226810E070083E999 /* TableViewCellProducts.swift */ = {isa = PBXFileReference; lastKnownFileType = sourcecode.swift; path = TableViewCellProducts.swift; sourceTree = "<group>"; };
		AB8F2045268110EA0083E999 /* BaseViewController.swift */ = {isa = PBXFileReference; lastKnownFileType = sourcecode.swift; path = BaseViewController.swift; sourceTree = "<group>"; };
		AB8F2048268115EC0083E999 /* Product.swift */ = {isa = PBXFileReference; lastKnownFileType = sourcecode.swift; path = Product.swift; sourceTree = "<group>"; };
		AB8F204B2681196C0083E999 /* Constants.swift */ = {isa = PBXFileReference; lastKnownFileType = sourcecode.swift; path = Constants.swift; sourceTree = "<group>"; };
/* End PBXFileReference section */

/* Begin PBXFrameworksBuildPhase section */
		AB8F20242680FEE50083E999 /* Frameworks */ = {
			isa = PBXFrameworksBuildPhase;
			buildActionMask = 2147483647;
			files = (
			);
			runOnlyForDeploymentPostprocessing = 0;
		};
/* End PBXFrameworksBuildPhase section */

/* Begin PBXGroup section */
		AB8F201E2680FEE50083E999 = {
			isa = PBXGroup;
			children = (
				AB8F20292680FEE50083E999 /* EcommerceGapsi */,
				AB8F20282680FEE50083E999 /* Products */,
			);
			sourceTree = "<group>";
		};
		AB8F20282680FEE50083E999 /* Products */ = {
			isa = PBXGroup;
			children = (
				AB8F20272680FEE50083E999 /* EcommerceGapsi.app */,
			);
			name = Products;
			sourceTree = "<group>";
		};
		AB8F20292680FEE50083E999 /* EcommerceGapsi */ = {
			isa = PBXGroup;
			children = (
				AB8F202A2680FEE50083E999 /* AppDelegate.swift */,
				AB8F202C2680FEE60083E999 /* SceneDelegate.swift */,
				AB8F202E2680FEE60083E999 /* ViewController.swift */,
				AB8F2048268115EC0083E999 /* Product.swift */,
				AB8F2045268110EA0083E999 /* BaseViewController.swift */,
				AB8F204B2681196C0083E999 /* Constants.swift */,
				AB8F204226810E070083E999 /* TableViewCellProducts.swift */,
				AB8F20302680FEE60083E999 /* Main.storyboard */,
				AB8F20362680FEEB0083E999 /* Assets.xcassets */,
				AB8F20382680FEEB0083E999 /* LaunchScreen.storyboard */,
				AB8F203B2680FEEB0083E999 /* Info.plist */,
				AB8F20332680FEE60083E999 /* EcommerceGapsi.xcdatamodeld */,
			);
			path = EcommerceGapsi;
			sourceTree = "<group>";
		};
/* End PBXGroup section */

/* Begin PBXNativeTarget section */
		AB8F20262680FEE50083E999 /* EcommerceGapsi */ = {
			isa = PBXNativeTarget;
			buildConfigurationList = AB8F203E2680FEEB0083E999 /* Build configuration list for PBXNativeTarget "EcommerceGapsi" */;
			buildPhases = (
				AB8F20232680FEE50083E999 /* Sources */,
				AB8F20242680FEE50083E999 /* Frameworks */,
				AB8F20252680FEE50083E999 /* Resources */,
			);
			buildRules = (
			);
			dependencies = (
			);
			name = EcommerceGapsi;
			productName = EcommerceGapsi;
			productReference = AB8F20272680FEE50083E999 /* EcommerceGapsi.app */;
			productType = "com.apple.product-type.application";
		};
/* End PBXNativeTarget section */

/* Begin PBXProject section */
		AB8F201F2680FEE50083E999 /* Project object */ = {
			isa = PBXProject;
			attributes = {
				LastSwiftUpdateCheck = 1240;
				LastUpgradeCheck = 1240;
				TargetAttributes = {
					AB8F20262680FEE50083E999 = {
						CreatedOnToolsVersion = 12.4;
					};
				};
			};
			buildConfigurationList = AB8F20222680FEE50083E999 /* Build configuration list for PBXProject "EcommerceGapsi" */;
			compatibilityVersion = "Xcode 9.3";
			developmentRegion = en;
			hasScannedForEncodings = 0;
			knownRegions = (
				en,
				Base,
			);
			mainGroup = AB8F201E2680FEE50083E999;
			productRefGroup = AB8F20282680FEE50083E999 /* Products */;
			projectDirPath = "";
			projectRoot = "";
			targets = (
				AB8F20262680FEE50083E999 /* EcommerceGapsi */,
			);
		};
/* End PBXProject section */

/* Begin PBXResourcesBuildPhase section */
		AB8F20252680FEE50083E999 /* Resources */ = {
			isa = PBXResourcesBuildPhase;
			buildActionMask = 2147483647;
			files = (
				AB8F203A2680FEEB0083E999 /* LaunchScreen.storyboard in Resources */,
				AB8F20372680FEEB0083E999 /* Assets.xcassets in Resources */,
				AB8F20322680FEE60083E999 /* Main.storyboard in Resources */,
			);
			runOnlyForDeploymentPostprocessing = 0;
		};
/* End PBXResourcesBuildPhase section */

/* Begin PBXSourcesBuildPhase section */
		AB8F20232680FEE50083E999 /* Sources */ = {
			isa = PBXSourcesBuildPhase;
			buildActionMask = 2147483647;
			files = (
				AB8F202F2680FEE60083E999 /* ViewController.swift in Sources */,
				AB8F202B2680FEE50083E999 /* AppDelegate.swift in Sources */,
				AB8F202D2680FEE60083E999 /* SceneDelegate.swift in Sources */,
				AB8F204326810E070083E999 /* TableViewCellProducts.swift in Sources */,
				AB8F20352680FEE60083E999 /* EcommerceGapsi.xcdatamodeld in Sources */,
				AB8F2046268110EA0083E999 /* BaseViewController.swift in Sources */,
				AB8F2049268115EC0083E999 /* Product.swift in Sources */,
				AB8F204C2681196C0083E999 /* Constants.swift in Sources */,
			);
			runOnlyForDeploymentPostprocessing = 0;
		};
/* End PBXSourcesBuildPhase section */

/* Begin PBXVariantGroup section */
		AB8F20302680FEE60083E999 /* Main.storyboard */ = {
			isa = PBXVariantGroup;
			children = (
				AB8F20312680FEE60083E999 /* Base */,
			);
			name = Main.storyboard;
			sourceTree = "<group>";
		};
		AB8F20382680FEEB0083E999 /* LaunchScreen.storyboard */ = {
			isa = PBXVariantGroup;
			children = (
				AB8F20392680FEEB0083E999 /* Base */,
			);
			name = LaunchScreen.storyboard;
			sourceTree = "<group>";
		};
/* End PBXVariantGroup section */

/* Begin XCBuildConfiguration section */
		AB8F203C2680FEEB0083E999 /* Debug */ = {
			isa = XCBuildConfiguration;
			buildSettings = {
				ALWAYS_SEARCH_USER_PATHS = NO;
				CLANG_ANALYZER_NONNULL = YES;
				CLANG_ANALYZER_NUMBER_OBJECT_CONVERSION = YES_AGGRESSIVE;
				CLANG_CXX_LANGUAGE_STANDARD = "gnu++14";
				CLANG_CXX_LIBRARY = "libc++";
				CLANG_ENABLE_MODULES = YES;
				CLANG_ENABLE_OBJC_ARC = YES;
				CLANG_ENABLE_OBJC_WEAK = YES;
				CLANG_WARN_BLOCK_CAPTURE_AUTORELEASING = YES;
				CLANG_WARN_BOOL_CONVERSION = YES;
				CLANG_WARN_COMMA = YES;
				CLANG_WARN_CONSTANT_CONVERSION = YES;
				CLANG_WARN_DEPRECATED_OBJC_IMPLEMENTATIONS = YES;
				CLANG_WARN_DIRECT_OBJC_ISA_USAGE = YES_ERROR;
				CLANG_WARN_DOCUMENTATION_COMMENTS = YES;
				CLANG_WARN_EMPTY_BODY = YES;
				CLANG_WARN_ENUM_CONVERSION = YES;
				CLANG_WARN_INFINITE_RECURSION = YES;
				CLANG_WARN_INT_CONVERSION = YES;
				CLANG_WARN_NON_LITERAL_NULL_CONVERSION = YES;
				CLANG_WARN_OBJC_IMPLICIT_RETAIN_SELF = YES;
				CLANG_WARN_OBJC_LITERAL_CONVERSION = YES;
				CLANG_WARN_OBJC_ROOT_CLASS = YES_ERROR;
				CLANG_WARN_QUOTED_INCLUDE_IN_FRAMEWORK_HEADER = YES;
				CLANG_WARN_RANGE_LOOP_ANALYSIS = YES;
				CLANG_WARN_STRICT_PROTOTYPES = YES;
				CLANG_WARN_SUSPICIOUS_MOVE = YES;
				CLANG_WARN_UNGUARDED_AVAILABILITY = YES_AGGRESSIVE;
				CLANG_WARN_UNREACHABLE_CODE = YES;
				CLANG_WARN__DUPLICATE_METHOD_MATCH = YES;
				COPY_PHASE_STRIP = NO;
				DEBUG_INFORMATION_FORMAT = dwarf;
				ENABLE_STRICT_OBJC_MSGSEND = YES;
				ENABLE_TESTABILITY = YES;
				GCC_C_LANGUAGE_STANDARD = gnu11;
				GCC_DYNAMIC_NO_PIC = NO;
				GCC_NO_COMMON_BLOCKS = YES;
				GCC_OPTIMIZATION_LEVEL = 0;
				GCC_PREPROCESSOR_DEFINITIONS = (
					"DEBUG=1",
					"$(inherited)",
				);
				GCC_WARN_64_TO_32_BIT_CONVERSION = YES;
				GCC_WARN_ABOUT_RETURN_TYPE = YES_ERROR;
				GCC_WARN_UNDECLARED_SELECTOR = YES;
				GCC_WARN_UNINITIALIZED_AUTOS = YES_AGGRESSIVE;
				GCC_WARN_UNUSED_FUNCTION = YES;
				GCC_WARN_UNUSED_VARIABLE = YES;
				IPHONEOS_DEPLOYMENT_TARGET = 14.4;
				MTL_ENABLE_DEBUG_INFO = INCLUDE_SOURCE;
				MTL_FAST_MATH = YES;
				ONLY_ACTIVE_ARCH = YES;
				SDKROOT = iphoneos;
				SWIFT_ACTIVE_COMPILATION_CONDITIONS = DEBUG;
				SWIFT_OPTIMIZATION_LEVEL = "-Onone";
			};
			name = Debug;
		};
		AB8F203D2680FEEB0083E999 /* Release */ = {
			isa = XCBuildConfiguration;
			buildSettings = {
				ALWAYS_SEARCH_USER_PATHS = NO;
				CLANG_ANALYZER_NONNULL = YES;
				CLANG_ANALYZER_NUMBER_OBJECT_CONVERSION = YES_AGGRESSIVE;
				CLANG_CXX_LANGUAGE_STANDARD = "gnu++14";
				CLANG_CXX_LIBRARY = "libc++";
				CLANG_ENABLE_MODULES = YES;
				CLANG_ENABLE_OBJC_ARC = YES;
				CLANG_ENABLE_OBJC_WEAK = YES;
				CLANG_WARN_BLOCK_CAPTURE_AUTORELEASING = YES;
				CLANG_WARN_BOOL_CONVERSION = YES;
				CLANG_WARN_COMMA = YES;
				CLANG_WARN_CONSTANT_CONVERSION = YES;
				CLANG_WARN_DEPRECATED_OBJC_IMPLEMENTATIONS = YES;
				CLANG_WARN_DIRECT_OBJC_ISA_USAGE = YES_ERROR;
				CLANG_WARN_DOCUMENTATION_COMMENTS = YES;
				CLANG_WARN_EMPTY_BODY = YES;
				CLANG_WARN_ENUM_CONVERSION = YES;
				CLANG_WARN_INFINITE_RECURSION = YES;
				CLANG_WARN_INT_CONVERSION = YES;
				CLANG_WARN_NON_LITERAL_NULL_CONVERSION = YES;
				CLANG_WARN_OBJC_IMPLICIT_RETAIN_SELF = YES;
				CLANG_WARN_OBJC_LITERAL_CONVERSION = YES;
				CLANG_WARN_OBJC_ROOT_CLASS = YES_ERROR;
				CLANG_WARN_QUOTED_INCLUDE_IN_FRAMEWORK_HEADER = YES;
				CLANG_WARN_RANGE_LOOP_ANALYSIS = YES;
				CLANG_WARN_STRICT_PROTOTYPES = YES;
				CLANG_WARN_SUSPICIOUS_MOVE = YES;
				CLANG_WARN_UNGUARDED_AVAILABILITY = YES_AGGRESSIVE;
				CLANG_WARN_UNREACHABLE_CODE = YES;
				CLANG_WARN__DUPLICATE_METHOD_MATCH = YES;
				COPY_PHASE_STRIP = NO;
				DEBUG_INFORMATION_FORMAT = "dwarf-with-dsym";
				ENABLE_NS_ASSERTIONS = NO;
				ENABLE_STRICT_OBJC_MSGSEND = YES;
				GCC_C_LANGUAGE_STANDARD = gnu11;
				GCC_NO_COMMON_BLOCKS = YES;
				GCC_WARN_64_TO_32_BIT_CONVERSION = YES;
				GCC_WARN_ABOUT_RETURN_TYPE = YES_ERROR;
				GCC_WARN_UNDECLARED_SELECTOR = YES;
				GCC_WARN_UNINITIALIZED_AUTOS = YES_AGGRESSIVE;
				GCC_WARN_UNUSED_FUNCTION = YES;
				GCC_WARN_UNUSED_VARIABLE = YES;
				IPHONEOS_DEPLOYMENT_TARGET = 14.4;
				MTL_ENABLE_DEBUG_INFO = NO;
				MTL_FAST_MATH = YES;
				SDKROOT = iphoneos;
				SWIFT_COMPILATION_MODE = wholemodule;
				SWIFT_OPTIMIZATION_LEVEL = "-O";
				VALIDATE_PRODUCT = YES;
			};
			name = Release;
		};
		AB8F203F2680FEEB0083E999 /* Debug */ = {
			isa = XCBuildConfiguration;
			buildSettings = {
				ASSETCATALOG_COMPILER_APPICON_NAME = AppIcon;
				ASSETCATALOG_COMPILER_GLOBAL_ACCENT_COLOR_NAME = AccentColor;
				CODE_SIGN_STYLE = Automatic;
				DEVELOPMENT_TEAM = 7LRB92KKD8;
				INFOPLIST_FILE = EcommerceGapsi/Info.plist;
				LD_RUNPATH_SEARCH_PATHS = (
					"$(inherited)",
					"@executable_path/Frameworks",
				);
				PRODUCT_BUNDLE_IDENTIFIER = Ale.EcommerceGapsi;
				PRODUCT_NAME = "$(TARGET_NAME)";
				SWIFT_VERSION = 5.0;
				TARGETED_DEVICE_FAMILY = "1,2";
			};
			name = Debug;
		};
		AB8F20402680FEEB0083E999 /* Release */ = {
			isa = XCBuildConfiguration;
			buildSettings = {
				ASSETCATALOG_COMPILER_APPICON_NAME = AppIcon;
				ASSETCATALOG_COMPILER_GLOBAL_ACCENT_COLOR_NAME = AccentColor;
				CODE_SIGN_STYLE = Automatic;
				DEVELOPMENT_TEAM = 7LRB92KKD8;
				INFOPLIST_FILE = EcommerceGapsi/Info.plist;
				LD_RUNPATH_SEARCH_PATHS = (
					"$(inherited)",
					"@executable_path/Frameworks",
				);
				PRODUCT_BUNDLE_IDENTIFIER = Ale.EcommerceGapsi;
				PRODUCT_NAME = "$(TARGET_NAME)";
				SWIFT_VERSION = 5.0;
				TARGETED_DEVICE_FAMILY = "1,2";
			};
			name = Release;
		};
/* End XCBuildConfiguration section */

/* Begin XCConfigurationList section */
		AB8F20222680FEE50083E999 /* Build configuration list for PBXProject "EcommerceGapsi" */ = {
			isa = XCConfigurationList;
			buildConfigurations = (
				AB8F203C2680FEEB0083E999 /* Debug */,
				AB8F203D2680FEEB0083E999 /* Release */,
			);
			defaultConfigurationIsVisible = 0;
			defaultConfigurationName = Release;
		};
		AB8F203E2680FEEB0083E999 /* Build configuration list for PBXNativeTarget "EcommerceGapsi" */ = {
			isa = XCConfigurationList;
			buildConfigurations = (
				AB8F203F2680FEEB0083E999 /* Debug */,
				AB8F20402680FEEB0083E999 /* Release */,
			);
			defaultConfigurationIsVisible = 0;
			defaultConfigurationName = Release;
		};
/* End XCConfigurationList section */

/* Begin XCVersionGroup section */
		AB8F20332680FEE60083E999 /* EcommerceGapsi.xcdatamodeld */ = {
			isa = XCVersionGroup;
			children = (
				AB8F20342680FEE60083E999 /* EcommerceGapsi.xcdatamodel */,
			);
			currentVersion = AB8F20342680FEE60083E999 /* EcommerceGapsi.xcdatamodel */;
			path = EcommerceGapsi.xcdatamodeld;
			sourceTree = "<group>";
			versionGroupType = wrapper.xcdatamodel;
		};
/* End XCVersionGroup section */
	};
	rootObject = AB8F201F2680FEE50083E999 /* Project object */;
}
